// !$*UTF8*$!
{
	archiveVersion = 1;
	classes = {
	};
	objectVersion = 46;
	objects = {

/* Begin PBXBuildFile section */
		2B2BD2D418CAEC92006D75D2 /* Foundation.framework in Frameworks */ = {isa = PBXBuildFile; fileRef = 2B2BD2D318CAEC92006D75D2 /* Foundation.framework */; };
		2B2BD2D618CAEC92006D75D2 /* CoreGraphics.framework in Frameworks */ = {isa = PBXBuildFile; fileRef = 2B2BD2D518CAEC92006D75D2 /* CoreGraphics.framework */; };
		2B2BD2D818CAEC92006D75D2 /* UIKit.framework in Frameworks */ = {isa = PBXBuildFile; fileRef = 2B2BD2D718CAEC92006D75D2 /* UIKit.framework */; };
		2B2BD2DA18CAEC92006D75D2 /* CoreData.framework in Frameworks */ = {isa = PBXBuildFile; fileRef = 2B2BD2D918CAEC92006D75D2 /* CoreData.framework */; };
		2B2BD2E018CAEC92006D75D2 /* InfoPlist.strings in Resources */ = {isa = PBXBuildFile; fileRef = 2B2BD2DE18CAEC92006D75D2 /* InfoPlist.strings */; };
		2B2BD2E218CAEC92006D75D2 /* main.m in Sources */ = {isa = PBXBuildFile; fileRef = 2B2BD2E118CAEC92006D75D2 /* main.m */; };
		2B2BD2E618CAEC92006D75D2 /* DDAppDelegate.m in Sources */ = {isa = PBXBuildFile; fileRef = 2B2BD2E518CAEC92006D75D2 /* DDAppDelegate.m */; };
		2B2BD2E918CAEC92006D75D2 /* Main_iPhone.storyboard in Resources */ = {isa = PBXBuildFile; fileRef = 2B2BD2E718CAEC92006D75D2 /* Main_iPhone.storyboard */; };
		2B2BD2EC18CAEC92006D75D2 /* Main_iPad.storyboard in Resources */ = {isa = PBXBuildFile; fileRef = 2B2BD2EA18CAEC92006D75D2 /* Main_iPad.storyboard */; };
		2B2BD2EF18CAEC92006D75D2 /* DoitDo.xcdatamodeld in Sources */ = {isa = PBXBuildFile; fileRef = 2B2BD2ED18CAEC92006D75D2 /* DoitDo.xcdatamodeld */; };
		2B2BD2F218CAEC92006D75D2 /* DDMasterViewController.m in Sources */ = {isa = PBXBuildFile; fileRef = 2B2BD2F118CAEC92006D75D2 /* DDMasterViewController.m */; };
		2B2BD2F518CAEC92006D75D2 /* DDDetailViewController.m in Sources */ = {isa = PBXBuildFile; fileRef = 2B2BD2F418CAEC92006D75D2 /* DDDetailViewController.m */; };
		2B2BD2F718CAEC92006D75D2 /* Images.xcassets in Resources */ = {isa = PBXBuildFile; fileRef = 2B2BD2F618CAEC92006D75D2 /* Images.xcassets */; };
		2B2BD2FE18CAEC92006D75D2 /* XCTest.framework in Frameworks */ = {isa = PBXBuildFile; fileRef = 2B2BD2FD18CAEC92006D75D2 /* XCTest.framework */; };
		2B2BD2FF18CAEC92006D75D2 /* Foundation.framework in Frameworks */ = {isa = PBXBuildFile; fileRef = 2B2BD2D318CAEC92006D75D2 /* Foundation.framework */; };
		2B2BD30018CAEC92006D75D2 /* UIKit.framework in Frameworks */ = {isa = PBXBuildFile; fileRef = 2B2BD2D718CAEC92006D75D2 /* UIKit.framework */; };
		2B2BD30118CAEC92006D75D2 /* CoreData.framework in Frameworks */ = {isa = PBXBuildFile; fileRef = 2B2BD2D918CAEC92006D75D2 /* CoreData.framework */; };
		2B2BD30918CAEC92006D75D2 /* InfoPlist.strings in Resources */ = {isa = PBXBuildFile; fileRef = 2B2BD30718CAEC92006D75D2 /* InfoPlist.strings */; };
		2B2BD30B18CAEC92006D75D2 /* DoitDoTests.m in Sources */ = {isa = PBXBuildFile; fileRef = 2B2BD30A18CAEC92006D75D2 /* DoitDoTests.m */; };
/* End PBXBuildFile section */

/* Begin PBXContainerItemProxy section */
		2B2BD30218CAEC92006D75D2 /* PBXContainerItemProxy */ = {
			isa = PBXContainerItemProxy;
			containerPortal = 2B2BD2C818CAEC92006D75D2 /* Project object */;
			proxyType = 1;
			remoteGlobalIDString = 2B2BD2CF18CAEC92006D75D2;
			remoteInfo = DoitDo;
		};
/* End PBXContainerItemProxy section */

/* Begin PBXFileReference section */
		2B2BD2D018CAEC92006D75D2 /* DoitDo.app */ = {isa = PBXFileReference; explicitFileType = wrapper.application; includeInIndex = 0; path = DoitDo.app; sourceTree = BUILT_PRODUCTS_DIR; };
		2B2BD2D318CAEC92006D75D2 /* Foundation.framework */ = {isa = PBXFileReference; lastKnownFileType = wrapper.framework; name = Foundation.framework; path = System/Library/Frameworks/Foundation.framework; sourceTree = SDKROOT; };
		2B2BD2D518CAEC92006D75D2 /* CoreGraphics.framework */ = {isa = PBXFileReference; lastKnownFileType = wrapper.framework; name = CoreGraphics.framework; path = System/Library/Frameworks/CoreGraphics.framework; sourceTree = SDKROOT; };
		2B2BD2D718CAEC92006D75D2 /* UIKit.framework */ = {isa = PBXFileReference; lastKnownFileType = wrapper.framework; name = UIKit.framework; path = System/Library/Frameworks/UIKit.framework; sourceTree = SDKROOT; };
		2B2BD2D918CAEC92006D75D2 /* CoreData.framework */ = {isa = PBXFileReference; lastKnownFileType = wrapper.framework; name = CoreData.framework; path = System/Library/Frameworks/CoreData.framework; sourceTree = SDKROOT; };
		2B2BD2DD18CAEC92006D75D2 /* DoitDo-Info.plist */ = {isa = PBXFileReference; lastKnownFileType = text.plist.xml; path = "DoitDo-Info.plist"; sourceTree = "<group>"; };
		2B2BD2DF18CAEC92006D75D2 /* en */ = {isa = PBXFileReference; lastKnownFileType = text.plist.strings; name = en; path = en.lproj/InfoPlist.strings; sourceTree = "<group>"; };
		2B2BD2E118CAEC92006D75D2 /* main.m */ = {isa = PBXFileReference; lastKnownFileType = sourcecode.c.objc; path = main.m; sourceTree = "<group>"; };
		2B2BD2E318CAEC92006D75D2 /* DoitDo-Prefix.pch */ = {isa = PBXFileReference; lastKnownFileType = sourcecode.c.h; path = "DoitDo-Prefix.pch"; sourceTree = "<group>"; };
		2B2BD2E418CAEC92006D75D2 /* DDAppDelegate.h */ = {isa = PBXFileReference; lastKnownFileType = sourcecode.c.h; path = DDAppDelegate.h; sourceTree = "<group>"; };
		2B2BD2E518CAEC92006D75D2 /* DDAppDelegate.m */ = {isa = PBXFileReference; lastKnownFileType = sourcecode.c.objc; path = DDAppDelegate.m; sourceTree = "<group>"; };
		2B2BD2E818CAEC92006D75D2 /* Base */ = {isa = PBXFileReference; lastKnownFileType = file.storyboard; name = Base; path = Base.lproj/Main_iPhone.storyboard; sourceTree = "<group>"; };
		2B2BD2EB18CAEC92006D75D2 /* Base */ = {isa = PBXFileReference; lastKnownFileType = file.storyboard; name = Base; path = Base.lproj/Main_iPad.storyboard; sourceTree = "<group>"; };
		2B2BD2EE18CAEC92006D75D2 /* DoitDo.xcdatamodel */ = {isa = PBXFileReference; lastKnownFileType = wrapper.xcdatamodel; path = DoitDo.xcdatamodel; sourceTree = "<group>"; };
		2B2BD2F018CAEC92006D75D2 /* DDMasterViewController.h */ = {isa = PBXFileReference; lastKnownFileType = sourcecode.c.h; path = DDMasterViewController.h; sourceTree = "<group>"; };
		2B2BD2F118CAEC92006D75D2 /* DDMasterViewController.m */ = {isa = PBXFileReference; lastKnownFileType = sourcecode.c.objc; path = DDMasterViewController.m; sourceTree = "<group>"; };
		2B2BD2F318CAEC92006D75D2 /* DDDetailViewController.h */ = {isa = PBXFileReference; lastKnownFileType = sourcecode.c.h; path = DDDetailViewController.h; sourceTree = "<group>"; };
		2B2BD2F418CAEC92006D75D2 /* DDDetailViewController.m */ = {isa = PBXFileReference; lastKnownFileType = sourcecode.c.objc; path = DDDetailViewController.m; sourceTree = "<group>"; };
		2B2BD2F618CAEC92006D75D2 /* Images.xcassets */ = {isa = PBXFileReference; lastKnownFileType = folder.assetcatalog; path = Images.xcassets; sourceTree = "<group>"; };
		2B2BD2FC18CAEC92006D75D2 /* DoitDoTests.xctest */ = {isa = PBXFileReference; explicitFileType = wrapper.cfbundle; includeInIndex = 0; path = DoitDoTests.xctest; sourceTree = BUILT_PRODUCTS_DIR; };
		2B2BD2FD18CAEC92006D75D2 /* XCTest.framework */ = {isa = PBXFileReference; lastKnownFileType = wrapper.framework; name = XCTest.framework; path = Library/Frameworks/XCTest.framework; sourceTree = DEVELOPER_DIR; };
		2B2BD30618CAEC92006D75D2 /* DoitDoTests-Info.plist */ = {isa = PBXFileReference; lastKnownFileType = text.plist.xml; path = "DoitDoTests-Info.plist"; sourceTree = "<group>"; };
		2B2BD30818CAEC92006D75D2 /* en */ = {isa = PBXFileReference; lastKnownFileType = text.plist.strings; name = en; path = en.lproj/InfoPlist.strings; sourceTree = "<group>"; };
		2B2BD30A18CAEC92006D75D2 /* DoitDoTests.m */ = {isa = PBXFileReference; lastKnownFileType = sourcecode.c.objc; path = DoitDoTests.m; sourceTree = "<group>"; };
/* End PBXFileReference section */

/* Begin PBXFrameworksBuildPhase section */
		2B2BD2CD18CAEC92006D75D2 /* Frameworks */ = {
			isa = PBXFrameworksBuildPhase;
			buildActionMask = 2147483647;
			files = (
				2B2BD2D618CAEC92006D75D2 /* CoreGraphics.framework in Frameworks */,
				2B2BD2DA18CAEC92006D75D2 /* CoreData.framework in Frameworks */,
				2B2BD2D818CAEC92006D75D2 /* UIKit.framework in Frameworks */,
				2B2BD2D418CAEC92006D75D2 /* Foundation.framework in Frameworks */,
			);
			runOnlyForDeploymentPostprocessing = 0;
		};
		2B2BD2F918CAEC92006D75D2 /* Frameworks */ = {
			isa = PBXFrameworksBuildPhase;
			buildActionMask = 2147483647;
			files = (
				2B2BD2FE18CAEC92006D75D2 /* XCTest.framework in Frameworks */,
				2B2BD30118CAEC92006D75D2 /* CoreData.framework in Frameworks */,
				2B2BD30018CAEC92006D75D2 /* UIKit.framework in Frameworks */,
				2B2BD2FF18CAEC92006D75D2 /* Foundation.framework in Frameworks */,
			);
			runOnlyForDeploymentPostprocessing = 0;
		};
/* End PBXFrameworksBuildPhase section */

/* Begin PBXGroup section */
		2B2BD2C718CAEC92006D75D2 = {
			isa = PBXGroup;
			children = (
				2B2BD2DB18CAEC92006D75D2 /* DoitDo */,
				2B2BD30418CAEC92006D75D2 /* DoitDoTests */,
				2B2BD2D218CAEC92006D75D2 /* Frameworks */,
				2B2BD2D118CAEC92006D75D2 /* Products */,
			);
			sourceTree = "<group>";
		};
		2B2BD2D118CAEC92006D75D2 /* Products */ = {
			isa = PBXGroup;
			children = (
				2B2BD2D018CAEC92006D75D2 /* DoitDo.app */,
				2B2BD2FC18CAEC92006D75D2 /* DoitDoTests.xctest */,
			);
			name = Products;
			sourceTree = "<group>";
		};
		2B2BD2D218CAEC92006D75D2 /* Frameworks */ = {
			isa = PBXGroup;
			children = (
				2B2BD2D318CAEC92006D75D2 /* Foundation.framework */,
				2B2BD2D518CAEC92006D75D2 /* CoreGraphics.framework */,
				2B2BD2D718CAEC92006D75D2 /* UIKit.framework */,
				2B2BD2D918CAEC92006D75D2 /* CoreData.framework */,
				2B2BD2FD18CAEC92006D75D2 /* XCTest.framework */,
			);
			name = Frameworks;
			sourceTree = "<group>";
		};
		2B2BD2DB18CAEC92006D75D2 /* DoitDo */ = {
			isa = PBXGroup;
			children = (
				2B2BD2E418CAEC92006D75D2 /* DDAppDelegate.h */,
				2B2BD2E518CAEC92006D75D2 /* DDAppDelegate.m */,
				2B2BD2E718CAEC92006D75D2 /* Main_iPhone.storyboard */,
				2B2BD2EA18CAEC92006D75D2 /* Main_iPad.storyboard */,
				2B2BD2F018CAEC92006D75D2 /* DDMasterViewController.h */,
				2B2BD2F118CAEC92006D75D2 /* DDMasterViewController.m */,
				2B2BD2F318CAEC92006D75D2 /* DDDetailViewController.h */,
				2B2BD2F418CAEC92006D75D2 /* DDDetailViewController.m */,
				2B2BD2F618CAEC92006D75D2 /* Images.xcassets */,
				2B2BD2ED18CAEC92006D75D2 /* DoitDo.xcdatamodeld */,
				2B2BD2DC18CAEC92006D75D2 /* Supporting Files */,
			);
			path = DoitDo;
			sourceTree = "<group>";
		};
		2B2BD2DC18CAEC92006D75D2 /* Supporting Files */ = {
			isa = PBXGroup;
			children = (
				2B2BD2DD18CAEC92006D75D2 /* DoitDo-Info.plist */,
				2B2BD2DE18CAEC92006D75D2 /* InfoPlist.strings */,
				2B2BD2E118CAEC92006D75D2 /* main.m */,
				2B2BD2E318CAEC92006D75D2 /* DoitDo-Prefix.pch */,
			);
			name = "Supporting Files";
			sourceTree = "<group>";
		};
		2B2BD30418CAEC92006D75D2 /* DoitDoTests */ = {
			isa = PBXGroup;
			children = (
				2B2BD30A18CAEC92006D75D2 /* DoitDoTests.m */,
				2B2BD30518CAEC92006D75D2 /* Supporting Files */,
			);
			path = DoitDoTests;
			sourceTree = "<group>";
		};
		2B2BD30518CAEC92006D75D2 /* Supporting Files */ = {
			isa = PBXGroup;
			children = (
				2B2BD30618CAEC92006D75D2 /* DoitDoTests-Info.plist */,
				2B2BD30718CAEC92006D75D2 /* InfoPlist.strings */,
			);
			name = "Supporting Files";
			sourceTree = "<group>";
		};
/* End PBXGroup section */

/* Begin PBXNativeTarget section */
		2B2BD2CF18CAEC92006D75D2 /* DoitDo */ = {
			isa = PBXNativeTarget;
			buildConfigurationList = 2B2BD30E18CAEC92006D75D2 /* Build configuration list for PBXNativeTarget "DoitDo" */;
			buildPhases = (
				2B2BD2CC18CAEC92006D75D2 /* Sources */,
				2B2BD2CD18CAEC92006D75D2 /* Frameworks */,
				2B2BD2CE18CAEC92006D75D2 /* Resources */,
			);
			buildRules = (
			);
			dependencies = (
			);
			name = DoitDo;
			productName = DoitDo;
			productReference = 2B2BD2D018CAEC92006D75D2 /* DoitDo.app */;
			productType = "com.apple.product-type.application";
		};
		2B2BD2FB18CAEC92006D75D2 /* DoitDoTests */ = {
			isa = PBXNativeTarget;
			buildConfigurationList = 2B2BD31118CAEC92006D75D2 /* Build configuration list for PBXNativeTarget "DoitDoTests" */;
			buildPhases = (
				2B2BD2F818CAEC92006D75D2 /* Sources */,
				2B2BD2F918CAEC92006D75D2 /* Frameworks */,
				2B2BD2FA18CAEC92006D75D2 /* Resources */,
			);
			buildRules = (
			);
			dependencies = (
				2B2BD30318CAEC92006D75D2 /* PBXTargetDependency */,
			);
			name = DoitDoTests;
			productName = DoitDoTests;
			productReference = 2B2BD2FC18CAEC92006D75D2 /* DoitDoTests.xctest */;
			productType = "com.apple.product-type.bundle.unit-test";
		};
/* End PBXNativeTarget section */

/* Begin PBXProject section */
		2B2BD2C818CAEC92006D75D2 /* Project object */ = {
			isa = PBXProject;
			attributes = {
				CLASSPREFIX = DD;
				LastUpgradeCheck = 0500;
				ORGANIZATIONNAME = ChoCraft;
				TargetAttributes = {
					2B2BD2FB18CAEC92006D75D2 = {
						TestTargetID = 2B2BD2CF18CAEC92006D75D2;
					};
				};
			};
			buildConfigurationList = 2B2BD2CB18CAEC92006D75D2 /* Build configuration list for PBXProject "DoitDo" */;
			compatibilityVersion = "Xcode 3.2";
			developmentRegion = English;
			hasScannedForEncodings = 0;
			knownRegions = (
				en,
				Base,
			);
			mainGroup = 2B2BD2C718CAEC92006D75D2;
			productRefGroup = 2B2BD2D118CAEC92006D75D2 /* Products */;
			projectDirPath = "";
			projectRoot = "";
			targets = (
				2B2BD2CF18CAEC92006D75D2 /* DoitDo */,
				2B2BD2FB18CAEC92006D75D2 /* DoitDoTests */,
			);
		};
/* End PBXProject section */

/* Begin PBXResourcesBuildPhase section */
		2B2BD2CE18CAEC92006D75D2 /* Resources */ = {
			isa = PBXResourcesBuildPhase;
			buildActionMask = 2147483647;
			files = (
				2B2BD2EC18CAEC92006D75D2 /* Main_iPad.storyboard in Resources */,
				2B2BD2F718CAEC92006D75D2 /* Images.xcassets in Resources */,
				2B2BD2E918CAEC92006D75D2 /* Main_iPhone.storyboard in Resources */,
				2B2BD2E018CAEC92006D75D2 /* InfoPlist.strings in Resources */,
			);
			runOnlyForDeploymentPostprocessing = 0;
		};
		2B2BD2FA18CAEC92006D75D2 /* Resources */ = {
			isa = PBXResourcesBuildPhase;
			buildActionMask = 2147483647;
			files = (
				2B2BD30918CAEC92006D75D2 /* InfoPlist.strings in Resources */,
			);
			runOnlyForDeploymentPostprocessing = 0;
		};
/* End PBXResourcesBuildPhase section */

/* Begin PBXSourcesBuildPhase section */
		2B2BD2CC18CAEC92006D75D2 /* Sources */ = {
			isa = PBXSourcesBuildPhase;
			buildActionMask = 2147483647;
			files = (
				2B2BD2E618CAEC92006D75D2 /* DDAppDelegate.m in Sources */,
				2B2BD2EF18CAEC92006D75D2 /* DoitDo.xcdatamodeld in Sources */,
				2B2BD2F218CAEC92006D75D2 /* DDMasterViewController.m in Sources */,
				2B2BD2E218CAEC92006D75D2 /* main.m in Sources */,
				2B2BD2F518CAEC92006D75D2 /* DDDetailViewController.m in Sources */,
			);
			runOnlyForDeploymentPostprocessing = 0;
		};
		2B2BD2F818CAEC92006D75D2 /* Sources */ = {
			isa = PBXSourcesBuildPhase;
			buildActionMask = 2147483647;
			files = (
				2B2BD30B18CAEC92006D75D2 /* DoitDoTests.m in Sources */,
			);
			runOnlyForDeploymentPostprocessing = 0;
		};
/* End PBXSourcesBuildPhase section */

/* Begin PBXTargetDependency section */
		2B2BD30318CAEC92006D75D2 /* PBXTargetDependency */ = {
			isa = PBXTargetDependency;
			target = 2B2BD2CF18CAEC92006D75D2 /* DoitDo */;
			targetProxy = 2B2BD30218CAEC92006D75D2 /* PBXContainerItemProxy */;
		};
/* End PBXTargetDependency section */

/* Begin PBXVariantGroup section */
		2B2BD2DE18CAEC92006D75D2 /* InfoPlist.strings */ = {
			isa = PBXVariantGroup;
			children = (
				2B2BD2DF18CAEC92006D75D2 /* en */,
			);
			name = InfoPlist.strings;
			sourceTree = "<group>";
		};
		2B2BD2E718CAEC92006D75D2 /* Main_iPhone.storyboard */ = {
			isa = PBXVariantGroup;
			children = (
				2B2BD2E818CAEC92006D75D2 /* Base */,
			);
			name = Main_iPhone.storyboard;
			sourceTree = "<group>";
		};
		2B2BD2EA18CAEC92006D75D2 /* Main_iPad.storyboard */ = {
			isa = PBXVariantGroup;
			children = (
				2B2BD2EB18CAEC92006D75D2 /* Base */,
			);
			name = Main_iPad.storyboard;
			sourceTree = "<group>";
		};
		2B2BD30718CAEC92006D75D2 /* InfoPlist.strings */ = {
			isa = PBXVariantGroup;
			children = (
				2B2BD30818CAEC92006D75D2 /* en */,
			);
			name = InfoPlist.strings;
			sourceTree = "<group>";
		};
/* End PBXVariantGroup section */

/* Begin XCBuildConfiguration section */
		2B2BD30C18CAEC92006D75D2 /* Debug */ = {
			isa = XCBuildConfiguration;
			buildSettings = {
				ALWAYS_SEARCH_USER_PATHS = NO;
				ARCHS = "$(ARCHS_STANDARD_INCLUDING_64_BIT)";
				CLANG_CXX_LANGUAGE_STANDARD = "gnu++0x";
				CLANG_CXX_LIBRARY = "libc++";
				CLANG_ENABLE_MODULES = YES;
				CLANG_ENABLE_OBJC_ARC = YES;
				CLANG_WARN_BOOL_CONVERSION = YES;
				CLANG_WARN_CONSTANT_CONVERSION = YES;
				CLANG_WARN_DIRECT_OBJC_ISA_USAGE = YES_ERROR;
				CLANG_WARN_EMPTY_BODY = YES;
				CLANG_WARN_ENUM_CONVERSION = YES;
				CLANG_WARN_INT_CONVERSION = YES;
				CLANG_WARN_OBJC_ROOT_CLASS = YES_ERROR;
				CLANG_WARN__DUPLICATE_METHOD_MATCH = YES;
				"CODE_SIGN_IDENTITY[sdk=iphoneos*]" = "iPhone Developer";
				COPY_PHASE_STRIP = NO;
				GCC_C_LANGUAGE_STANDARD = gnu99;
				GCC_DYNAMIC_NO_PIC = NO;
				GCC_OPTIMIZATION_LEVEL = 0;
				GCC_PREPROCESSOR_DEFINITIONS = (
					"DEBUG=1",
					"$(inherited)",
				);
				GCC_SYMBOLS_PRIVATE_EXTERN = NO;
				GCC_WARN_64_TO_32_BIT_CONVERSION = YES;
				GCC_WARN_ABOUT_RETURN_TYPE = YES_ERROR;
				GCC_WARN_UNDECLARED_SELECTOR = YES;
				GCC_WARN_UNINITIALIZED_AUTOS = YES;
				GCC_WARN_UNUSED_FUNCTION = YES;
				GCC_WARN_UNUSED_VARIABLE = YES;
				IPHONEOS_DEPLOYMENT_TARGET = 7.0;
				ONLY_ACTIVE_ARCH = YES;
				SDKROOT = iphoneos;
				TARGETED_DEVICE_FAMILY = "1,2";
			};
			name = Debug;
		};
		2B2BD30D18CAEC92006D75D2 /* Release */ = {
			isa = XCBuildConfiguration;
			buildSettings = {
				ALWAYS_SEARCH_USER_PATHS = NO;
				ARCHS = "$(ARCHS_STANDARD_INCLUDING_64_BIT)";
				CLANG_CXX_LANGUAGE_STANDARD = "gnu++0x";
				CLANG_CXX_LIBRARY = "libc++";
				CLANG_ENABLE_MODULES = YES;
				CLANG_ENABLE_OBJC_ARC = YES;
				CLANG_WARN_BOOL_CONVERSION = YES;
				CLANG_WARN_CONSTANT_CONVERSION = YES;
				CLANG_WARN_DIRECT_OBJC_ISA_USAGE = YES_ERROR;
				CLANG_WARN_EMPTY_BODY = YES;
				CLANG_WARN_ENUM_CONVERSION = YES;
				CLANG_WARN_INT_CONVERSION = YES;
				CLANG_WARN_OBJC_ROOT_CLASS = YES_ERROR;
				CLANG_WARN__DUPLICATE_METHOD_MATCH = YES;
				"CODE_SIGN_IDENTITY[sdk=iphoneos*]" = "iPhone Developer";
				COPY_PHASE_STRIP = YES;
				ENABLE_NS_ASSERTIONS = NO;
				GCC_C_LANGUAGE_STANDARD = gnu99;
				GCC_WARN_64_TO_32_BIT_CONVERSION = YES;
				GCC_WARN_ABOUT_RETURN_TYPE = YES_ERROR;
				GCC_WARN_UNDECLARED_SELECTOR = YES;
				GCC_WARN_UNINITIALIZED_AUTOS = YES;
				GCC_WARN_UNUSED_FUNCTION = YES;
				GCC_WARN_UNUSED_VARIABLE = YES;
				IPHONEOS_DEPLOYMENT_TARGET = 7.0;
				SDKROOT = iphoneos;
				TARGETED_DEVICE_FAMILY = "1,2";
				VALIDATE_PRODUCT = YES;
			};
			name = Release;
		};
		2B2BD30F18CAEC92006D75D2 /* Debug */ = {
			isa = XCBuildConfiguration;
			buildSettings = {
				ASSETCATALOG_COMPILER_APPICON_NAME = AppIcon;
				ASSETCATALOG_COMPILER_LAUNCHIMAGE_NAME = LaunchImage;
				GCC_PRECOMPILE_PREFIX_HEADER = YES;
				GCC_PREFIX_HEADER = "DoitDo/DoitDo-Prefix.pch";
				INFOPLIST_FILE = "DoitDo/DoitDo-Info.plist";
				PRODUCT_NAME = "$(TARGET_NAME)";
				WRAPPER_EXTENSION = app;
			};
			name = Debug;
		};
		2B2BD31018CAEC92006D75D2 /* Release */ = {
			isa = XCBuildConfiguration;
			buildSettings = {
				ASSETCATALOG_COMPILER_APPICON_NAME = AppIcon;
				ASSETCATALOG_COMPILER_LAUNCHIMAGE_NAME = LaunchImage;
				GCC_PRECOMPILE_PREFIX_HEADER = YES;
				GCC_PREFIX_HEADER = "DoitDo/DoitDo-Prefix.pch";
				INFOPLIST_FILE = "DoitDo/DoitDo-Info.plist";
				PRODUCT_NAME = "$(TARGET_NAME)";
				WRAPPER_EXTENSION = app;
			};
			name = Release;
		};
		2B2BD31218CAEC92006D75D2 /* Debug */ = {
			isa = XCBuildConfiguration;
			buildSettings = {
				ARCHS = "$(ARCHS_STANDARD_INCLUDING_64_BIT)";
				BUNDLE_LOADER = "$(BUILT_PRODUCTS_DIR)/DoitDo.app/DoitDo";
				FRAMEWORK_SEARCH_PATHS = (
					"$(SDKROOT)/Developer/Library/Frameworks",
					"$(inherited)",
					"$(DEVELOPER_FRAMEWORKS_DIR)",
				);
				GCC_PRECOMPILE_PREFIX_HEADER = YES;
				GCC_PREFIX_HEADER = "DoitDo/DoitDo-Prefix.pch";
				GCC_PREPROCESSOR_DEFINITIONS = (
					"DEBUG=1",
					"$(inherited)",
				);
				INFOPLIST_FILE = "DoitDoTests/DoitDoTests-Info.plist";
				PRODUCT_NAME = "$(TARGET_NAME)";
				TEST_HOST = "$(BUNDLE_LOADER)";
				WRAPPER_EXTENSION = xctest;
			};
			name = Debug;
		};
		2B2BD31318CAEC92006D75D2 /* Release */ = {
			isa = XCBuildConfiguration;
			buildSettings = {
				ARCHS = "$(ARCHS_STANDARD_INCLUDING_64_BIT)";
				BUNDLE_LOADER = "$(BUILT_PRODUCTS_DIR)/DoitDo.app/DoitDo";
				FRAMEWORK_SEARCH_PATHS = (
					"$(SDKROOT)/Developer/Library/Frameworks",
					"$(inherited)",
					"$(DEVELOPER_FRAMEWORKS_DIR)",
				);
				GCC_PRECOMPILE_PREFIX_HEADER = YES;
				GCC_PREFIX_HEADER = "DoitDo/DoitDo-Prefix.pch";
				INFOPLIST_FILE = "DoitDoTests/DoitDoTests-Info.plist";
				PRODUCT_NAME = "$(TARGET_NAME)";
				TEST_HOST = "$(BUNDLE_LOADER)";
				WRAPPER_EXTENSION = xctest;
			};
			name = Release;
		};
/* End XCBuildConfiguration section */

/* Begin XCConfigurationList section */
		2B2BD2CB18CAEC92006D75D2 /* Build configuration list for PBXProject "DoitDo" */ = {
			isa = XCConfigurationList;
			buildConfigurations = (
				2B2BD30C18CAEC92006D75D2 /* Debug */,
				2B2BD30D18CAEC92006D75D2 /* Release */,
			);
			defaultConfigurationIsVisible = 0;
			defaultConfigurationName = Release;
		};
		2B2BD30E18CAEC92006D75D2 /* Build configuration list for PBXNativeTarget "DoitDo" */ = {
			isa = XCConfigurationList;
			buildConfigurations = (
				2B2BD30F18CAEC92006D75D2 /* Debug */,
				2B2BD31018CAEC92006D75D2 /* Release */,
			);
			defaultConfigurationIsVisible = 0;
		};
		2B2BD31118CAEC92006D75D2 /* Build configuration list for PBXNativeTarget "DoitDoTests" */ = {
			isa = XCConfigurationList;
			buildConfigurations = (
				2B2BD31218CAEC92006D75D2 /* Debug */,
				2B2BD31318CAEC92006D75D2 /* Release */,
			);
			defaultConfigurationIsVisible = 0;
		};
/* End XCConfigurationList section */

/* Begin XCVersionGroup section */
		2B2BD2ED18CAEC92006D75D2 /* DoitDo.xcdatamodeld */ = {
			isa = XCVersionGroup;
			children = (
				2B2BD2EE18CAEC92006D75D2 /* DoitDo.xcdatamodel */,
			);
			currentVersion = 2B2BD2EE18CAEC92006D75D2 /* DoitDo.xcdatamodel */;
			path = DoitDo.xcdatamodeld;
			sourceTree = "<group>";
			versionGroupType = wrapper.xcdatamodel;
		};
/* End XCVersionGroup section */
	};
	rootObject = 2B2BD2C818CAEC92006D75D2 /* Project object */;
}
